# This file is autogenerated, do not edit; changes may be undone by the next 'dep ensure'.


[[projects]]
  name = "github.com/pkg/errors"
  packages = ["."]
  revision = "645ef00459ed84a119197bfb8d8205042c6df63d"
  version = "v0.8.0"

[[projects]]
  branch = "master"
  name = "github.com/volatiletech/inflect"
  packages = ["."]
  revision = "e7201282ae8da26cd97aed2e516f75c0bd91bb93"

[[projects]]
  branch = "v3"
  name = "github.com/volatiletech/sqlboiler"
  packages = [
    "drivers",
    "importers",
    "strmangle"
  ]
  revision = "daf375dc338c9bee50dc622384c2e64d60df03c6"

[solve-meta]
  analyzer-name = "dep"
  analyzer-version = 1
  inputs-digest = "5891f03dc278ee978816359062cc7cc5648d12885fcd827a8f422cbc317e3af7"
  solver-name = "gps-cdcl"
  solver-version = 1
