# This file is autogenerated, do not edit; changes may be undone by the next 'dep ensure'.


[[projects]]
  branch = "master"
  name = "github.com/lib/pq"
  packages = [
    ".",
    "oid"
  ]
  revision = "90697d60dd844d5ef6ff15135d0203f65d2f53b8"

[[projects]]
  name = "github.com/pkg/errors"
  packages = ["."]
  revision = "645ef00459ed84a119197bfb8d8205042c6df63d"
  version = "v0.8.0"

[[projects]]
  branch = "master"
  name = "github.com/volatiletech/inflect"
  packages = ["."]
  revision = "e7201282ae8da26cd97aed2e516f75c0bd91bb93"

[[projects]]
  name = "github.com/volatiletech/sqlboiler"
  packages = [
    "drivers",
    "importers",
    "strmangle"
  ]
  revision = "843d9811b79d03e1788294e4a7d93ded5637afe7"

[solve-meta]
  analyzer-name = "dep"
  analyzer-version = 1
  inputs-digest = "521b4091306bfe8824d38d3c47f317dd2ff94f48ea5d536e6f474f65d4431cb8"
  solver-name = "gps-cdcl"
  solver-version = 1
